PODS:
  - Nimble (10.0.0)
  - PinLayout (1.10.3)
  - Quick (5.0.1)
  - SwiftLint (0.45.1)

DEPENDENCIES:
  - Nimble
  - PinLayout (from `./`)
  - Quick
  - SwiftLint

SPEC REPOS:
  trunk:
    - Nimble
    - Quick
    - SwiftLint

EXTERNAL SOURCES:
  PinLayout:
    :path: "./"

SPEC CHECKSUMS:
  Nimble: 5316ef81a170ce87baf72dd961f22f89a602ff84
  PinLayout: 0090ccbf29ae69af6ae5a15eaeaf27ed7b2c4d83
  Quick: 749aa754fd1e7d984f2000fe051e18a3a9809179
  SwiftLint: 06ac37e4d38c7068e0935bb30cda95f093bec761

PODFILE CHECKSUM: 0e4023ca11a146f618714ee6235a6f3a757959e4

COCOAPODS: 1.11.2
